
Microsoft Visual Studio Solution File, Format Version 12.00
# Visual Studio 15
VisualStudioVersion = 15.0.27428.2027
MinimumVisualStudioVersion = 10.0.40219.1
Project("{9A19103F-16F7-4668-BE54-9A1E7A4F7556}") = "Serilog.Sinks.Vecc.RabbitMQ", "src\Serilog.Sinks.Vecc.RabbitMQ\Serilog.Sinks.Vecc.RabbitMQ.csproj", "{811C1A5F-F54B-433B-9F2F-486B6BDC0BE2}"
EndProject
Project("{9A19103F-16F7-4668-BE54-9A1E7A4F7556}") = "Serilog.Sinks.Vecc.RabbitMQ.Sandbox", "src\Serilog.Sinks.Vecc.RabbitMQ.Sandbox\Serilog.Sinks.Vecc.RabbitMQ.Sandbox.csproj", "{1CA52E69-6E74-422F-8E9B-7FF8DC32B44D}"
EndProject
Project("{2150E333-8FDC-42A3-9474-1A3956D46DE8}") = "src", "src", "{345EF8F0-610A-4A65-9A06-8DC5D3BB94AB}"
EndProject
Project("{2150E333-8FDC-42A3-9474-1A3956D46DE8}") = "example", "example", "{9EFE6BFC-92F8-4331-B838-C6FDF88F9F47}"
EndProject
Project("{9A19103F-16F7-4668-BE54-9A1E7A4F7556}") = "Vecc.RabbitListener.SqlSink", "example\Vecc.RabbitListener.SqlSink\Vecc.RabbitListener.SqlSink.csproj", "{63AB430E-9516-44A8-A66E-A938EA62FC63}"
EndProject
Global
	GlobalSection(SolutionConfigurationPlatforms) = preSolution
		Debug|Any CPU = Debug|Any CPU
		Documentation|Any CPU = Documentation|Any CPU
		Release|Any CPU = Release|Any CPU
	EndGlobalSection
	GlobalSection(ProjectConfigurationPlatforms) = postSolution
		{811C1A5F-F54B-433B-9F2F-486B6BDC0BE2}.Debug|Any CPU.ActiveCfg = Debug|Any CPU
		{811C1A5F-F54B-433B-9F2F-486B6BDC0BE2}.Debug|Any CPU.Build.0 = Debug|Any CPU
		{811C1A5F-F54B-433B-9F2F-486B6BDC0BE2}.Documentation|Any CPU.ActiveCfg = Documentation|Any CPU
		{811C1A5F-F54B-433B-9F2F-486B6BDC0BE2}.Documentation|Any CPU.Build.0 = Documentation|Any CPU
		{811C1A5F-F54B-433B-9F2F-486B6BDC0BE2}.Release|Any CPU.ActiveCfg = Release|Any CPU
		{811C1A5F-F54B-433B-9F2F-486B6BDC0BE2}.Release|Any CPU.Build.0 = Release|Any CPU
		{1CA52E69-6E74-422F-8E9B-7FF8DC32B44D}.Debug|Any CPU.ActiveCfg = Debug|Any CPU
		{1CA52E69-6E74-422F-8E9B-7FF8DC32B44D}.Debug|Any CPU.Build.0 = Debug|Any CPU
		{1CA52E69-6E74-422F-8E9B-7FF8DC32B44D}.Documentation|Any CPU.ActiveCfg = Debug|Any CPU
		{1CA52E69-6E74-422F-8E9B-7FF8DC32B44D}.Release|Any CPU.ActiveCfg = Release|Any CPU
		{1CA52E69-6E74-422F-8E9B-7FF8DC32B44D}.Release|Any CPU.Build.0 = Release|Any CPU
		{63AB430E-9516-44A8-A66E-A938EA62FC63}.Debug|Any CPU.ActiveCfg = Debug|Any CPU
		{63AB430E-9516-44A8-A66E-A938EA62FC63}.Debug|Any CPU.Build.0 = Debug|Any CPU
		{63AB430E-9516-44A8-A66E-A938EA62FC63}.Documentation|Any CPU.ActiveCfg = Debug|Any CPU
		{63AB430E-9516-44A8-A66E-A938EA62FC63}.Release|Any CPU.ActiveCfg = Release|Any CPU
		{63AB430E-9516-44A8-A66E-A938EA62FC63}.Release|Any CPU.Build.0 = Release|Any CPU
	EndGlobalSection
	GlobalSection(SolutionProperties) = preSolution
		HideSolutionNode = FALSE
	EndGlobalSection
	GlobalSection(NestedProjects) = preSolution
		{811C1A5F-F54B-433B-9F2F-486B6BDC0BE2} = {345EF8F0-610A-4A65-9A06-8DC5D3BB94AB}
		{1CA52E69-6E74-422F-8E9B-7FF8DC32B44D} = {345EF8F0-610A-4A65-9A06-8DC5D3BB94AB}
		{63AB430E-9516-44A8-A66E-A938EA62FC63} = {9EFE6BFC-92F8-4331-B838-C6FDF88F9F47}
	EndGlobalSection
	GlobalSection(ExtensibilityGlobals) = postSolution
		SolutionGuid = {113C4171-A00D-4D2C-8ABE-0C00B0EB9E1A}
	EndGlobalSection
EndGlobal
